
Microsoft Visual Studio Solution File, Format Version 12.00
# Visual Studio Version 17
VisualStudioVersion = 17.10.35013.160
MinimumVisualStudioVersion = 10.0.40219.1
Project("{FAE04EC0-301F-11D3-BF4B-00C04F79EFBC}") = "FileOperations", "FileOperations.csproj", "{1113D3E6-EB4D-4344-BED9-72D3717F634B}"
EndProject
Global
	GlobalSection(SolutionConfigurationPlatforms) = preSolution
		Debug|Any CPU = Debug|Any CPU
		Release|Any CPU = Release|Any CPU
	EndGlobalSection
	GlobalSection(ProjectConfigurationPlatforms) = postSolution
		{1113D3E6-EB4D-4344-BED9-72D3717F634B}.Debug|Any CPU.ActiveCfg = Debug|Any CPU
		{1113D3E6-EB4D-4344-BED9-72D3717F634B}.Debug|Any CPU.Build.0 = Debug|Any CPU
		{1113D3E6-EB4D-4344-BED9-72D3717F634B}.Release|Any CPU.ActiveCfg = Release|Any CPU
		{1113D3E6-EB4D-4344-BED9-72D3717F634B}.Release|Any CPU.Build.0 = Release|Any CPU
	EndGlobalSection
	GlobalSection(SolutionProperties) = preSolution
		HideSolutionNode = FALSE
	EndGlobalSection
	GlobalSection(ExtensibilityGlobals) = postSolution
		SolutionGuid = {59B94763-E4B7-4992-8D26-93F3ACD1B8E1}
	EndGlobalSection
EndGlobal
